
Microsoft Visual Studio Solution File, Format Version 12.00
# Visual Studio Version 16
VisualStudioVersion = 16.0.30028.174
MinimumVisualStudioVersion = 10.0.40219.1
Project("{9A19103F-16F7-4668-BE54-9A1E7A4F7556}") = "IdGenerator", "src\IdGenerator\IdGenerator.csproj", "{F5669068-9E6C-4659-AD55-DE698A521401}"
EndProject
Project("{9A19103F-16F7-4668-BE54-9A1E7A4F7556}") = "IdGenerator.Tests", "src\IdGenerator.Tests\IdGenerator.Tests.csproj", "{2C93BED1-02AD-4BB1-AA9C-889D81B12F9B}"
EndProject
Project("{2150E333-8FDC-42A3-9474-1A3956D46DE8}") = "src", "src", "{6489F49B-2802-416F-8E2C-A3A89A01E34D}"
EndProject
Project("{2150E333-8FDC-42A3-9474-1A3956D46DE8}") = "Solution Items", "Solution Items", "{EEDA28EE-0A79-46AB-98F7-0F095FF5175E}"
	ProjectSection(SolutionItems) = preProject
		Readme.md = Readme.md
		ReleaseNotes.txt = ReleaseNotes.txt
	EndProjectSection
EndProject
Global
	GlobalSection(SolutionConfigurationPlatforms) = preSolution
		Debug|Any CPU = Debug|Any CPU
		Release|Any CPU = Release|Any CPU
	EndGlobalSection
	GlobalSection(ProjectConfigurationPlatforms) = postSolution
		{F5669068-9E6C-4659-AD55-DE698A521401}.Debug|Any CPU.ActiveCfg = Debug|Any CPU
		{F5669068-9E6C-4659-AD55-DE698A521401}.Debug|Any CPU.Build.0 = Debug|Any CPU
		{F5669068-9E6C-4659-AD55-DE698A521401}.Release|Any CPU.ActiveCfg = Release|Any CPU
		{F5669068-9E6C-4659-AD55-DE698A521401}.Release|Any CPU.Build.0 = Release|Any CPU
		{2C93BED1-02AD-4BB1-AA9C-889D81B12F9B}.Debug|Any CPU.ActiveCfg = Debug|Any CPU
		{2C93BED1-02AD-4BB1-AA9C-889D81B12F9B}.Debug|Any CPU.Build.0 = Debug|Any CPU
		{2C93BED1-02AD-4BB1-AA9C-889D81B12F9B}.Release|Any CPU.ActiveCfg = Release|Any CPU
		{2C93BED1-02AD-4BB1-AA9C-889D81B12F9B}.Release|Any CPU.Build.0 = Release|Any CPU
	EndGlobalSection
	GlobalSection(SolutionProperties) = preSolution
		HideSolutionNode = FALSE
	EndGlobalSection
	GlobalSection(NestedProjects) = preSolution
		{F5669068-9E6C-4659-AD55-DE698A521401} = {6489F49B-2802-416F-8E2C-A3A89A01E34D}
		{2C93BED1-02AD-4BB1-AA9C-889D81B12F9B} = {6489F49B-2802-416F-8E2C-A3A89A01E34D}
	EndGlobalSection
	GlobalSection(ExtensibilityGlobals) = postSolution
		SolutionGuid = {CB249F17-EB9F-486C-A9A4-064F44437AFE}
	EndGlobalSection
EndGlobal
